
Microsoft Visual Studio Solution File, Format Version 12.00
# Visual Studio 14
VisualStudioVersion = 14.0.25420.1
MinimumVisualStudioVersion = 10.0.40219.1
Project("{FAE04EC0-301F-11D3-BF4B-00C04F79EFBC}") = "cdp-core", "packages\cdp-core\cdp-core.csproj", "{D920F2DE-65D8-4AC2-9874-FC134CF24957}"
EndProject
Project("{FAE04EC0-301F-11D3-BF4B-00C04F79EFBC}") = "cdp-lazyload", "packages\cdp-lazyload\cdp-lazyload.csproj", "{FE81BA2A-3302-40DB-8C1E-496EEB80F81E}"
EndProject
Project("{FAE04EC0-301F-11D3-BF4B-00C04F79EFBC}") = "cdp-promise", "packages\cdp-promise\cdp-promise.csproj", "{2F33231F-8246-47C8-9ECF-2A1C75E8FB30}"
EndProject
Project("{FAE04EC0-301F-11D3-BF4B-00C04F79EFBC}") = "master-task", "packages\master-tasks\master-task.csproj", "{08687D21-CA83-41F8-BC80-CED85F75E5E7}"
EndProject
Project("{FAE04EC0-301F-11D3-BF4B-00C04F79EFBC}") = "cdp-i18n", "packages\cdp-i18n\cdp-i18n.csproj", "{307702C9-D79B-4703-992C-9564975CB142}"
EndProject
Global
	GlobalSection(SolutionConfigurationPlatforms) = preSolution
		Debug|Any CPU = Debug|Any CPU
		Release|Any CPU = Release|Any CPU
	EndGlobalSection
	GlobalSection(ProjectConfigurationPlatforms) = postSolution
		{D920F2DE-65D8-4AC2-9874-FC134CF24957}.Debug|Any CPU.ActiveCfg = Debug|Any CPU
		{D920F2DE-65D8-4AC2-9874-FC134CF24957}.Debug|Any CPU.Build.0 = Debug|Any CPU
		{D920F2DE-65D8-4AC2-9874-FC134CF24957}.Release|Any CPU.ActiveCfg = Release|Any CPU
		{D920F2DE-65D8-4AC2-9874-FC134CF24957}.Release|Any CPU.Build.0 = Release|Any CPU
		{FE81BA2A-3302-40DB-8C1E-496EEB80F81E}.Debug|Any CPU.ActiveCfg = Debug|Any CPU
		{FE81BA2A-3302-40DB-8C1E-496EEB80F81E}.Debug|Any CPU.Build.0 = Debug|Any CPU
		{FE81BA2A-3302-40DB-8C1E-496EEB80F81E}.Release|Any CPU.ActiveCfg = Release|Any CPU
		{FE81BA2A-3302-40DB-8C1E-496EEB80F81E}.Release|Any CPU.Build.0 = Release|Any CPU
		{2F33231F-8246-47C8-9ECF-2A1C75E8FB30}.Debug|Any CPU.ActiveCfg = Debug|Any CPU
		{2F33231F-8246-47C8-9ECF-2A1C75E8FB30}.Debug|Any CPU.Build.0 = Debug|Any CPU
		{2F33231F-8246-47C8-9ECF-2A1C75E8FB30}.Release|Any CPU.ActiveCfg = Release|Any CPU
		{2F33231F-8246-47C8-9ECF-2A1C75E8FB30}.Release|Any CPU.Build.0 = Release|Any CPU
		{08687D21-CA83-41F8-BC80-CED85F75E5E7}.Debug|Any CPU.ActiveCfg = Debug|Any CPU
		{08687D21-CA83-41F8-BC80-CED85F75E5E7}.Debug|Any CPU.Build.0 = Debug|Any CPU
		{08687D21-CA83-41F8-BC80-CED85F75E5E7}.Release|Any CPU.ActiveCfg = Release|Any CPU
		{08687D21-CA83-41F8-BC80-CED85F75E5E7}.Release|Any CPU.Build.0 = Release|Any CPU
		{307702C9-D79B-4703-992C-9564975CB142}.Debug|Any CPU.ActiveCfg = Debug|Any CPU
		{307702C9-D79B-4703-992C-9564975CB142}.Debug|Any CPU.Build.0 = Debug|Any CPU
		{307702C9-D79B-4703-992C-9564975CB142}.Release|Any CPU.ActiveCfg = Release|Any CPU
		{307702C9-D79B-4703-992C-9564975CB142}.Release|Any CPU.Build.0 = Release|Any CPU
	EndGlobalSection
	GlobalSection(SolutionProperties) = preSolution
		HideSolutionNode = FALSE
	EndGlobalSection
EndGlobal
