
Microsoft Visual Studio Solution File, Format Version 12.00
# Visual Studio 14
VisualStudioVersion = 14.0.25420.1
MinimumVisualStudioVersion = 10.0.40219.1
Project("{FAE04EC0-301F-11D3-BF4B-00C04F79EFBC}") = "cdp-ui-listview", "cdp-ui-listview.csproj", "{2A4BB77E-1894-485F-8B14-44CA80B761EF}"
EndProject
Global
	GlobalSection(SolutionConfigurationPlatforms) = preSolution
		Debug|Any CPU = Debug|Any CPU
		Release|Any CPU = Release|Any CPU
	EndGlobalSection
	GlobalSection(ProjectConfigurationPlatforms) = postSolution
		{2A4BB77E-1894-485F-8B14-44CA80B761EF}.Debug|Any CPU.ActiveCfg = Debug|Any CPU
		{2A4BB77E-1894-485F-8B14-44CA80B761EF}.Debug|Any CPU.Build.0 = Debug|Any CPU
		{2A4BB77E-1894-485F-8B14-44CA80B761EF}.Release|Any CPU.ActiveCfg = Release|Any CPU
		{2A4BB77E-1894-485F-8B14-44CA80B761EF}.Release|Any CPU.Build.0 = Release|Any CPU
	EndGlobalSection
	GlobalSection(SolutionProperties) = preSolution
		HideSolutionNode = FALSE
	EndGlobalSection
EndGlobal
